{
    "hash": "c773c04d1e3366e23189b8544f0d16b0",
    "packages": [
        {
            "name": "doctrine/common",
            "version": "2.3.x-dev",
            "source": {
                "type": "git",
                "url": "https://github.com/doctrine/common",
                "reference": "bb0aebbf234db52df476a2b473d434745b34221c"
            },
            "dist": {
                "type": "zip",
                "url": "https://github.com/doctrine/common/archive/bb0aebbf234db52df476a2b473d434745b34221c.zip",
                "reference": "bb0aebbf234db52df476a2b473d434745b34221c",
                "shasum": ""
            },
            "require": {
                "php": ">=5.3.2"
            },
            "time": "1348120518",
            "type": "library",
            "extra": {
                "branch-alias": {
                    "dev-master": "2.3.x-dev"
                }
            },
            "installation-source": "source",
            "autoload": {
                "psr-0": {
                    "Doctrine\\Common": "lib/"
                }
            },
            "license": [
                "MIT"
            ],
            "authors": [
                {
                    "name": "Jonathan Wage",
                    "email": "jonwage@gmail.com",
                    "homepage": "http://www.jwage.com/"
                },
                {
                    "name": "Guilherme Blanco",
                    "email": "guilhermeblanco@gmail.com",
                    "homepage": "http://www.instaclick.com"
                },
                {
                    "name": "Roman Borschel",
                    "email": "roman@code-factory.org"
                },
                {
                    "name": "Benjamin Eberlei",
                    "email": "kontakt@beberlei.de"
                },
                {
                    "name": "Johannes Schmitt",
                    "email": "schmittjoh@gmail.com",
                    "homepage": "http://jmsyst.com",
                    "role": "Developer of wrapped JMSSerializerBundle"
                }
            ],
            "description": "Common Library for Doctrine projects",
            "homepage": "http://www.doctrine-project.org",
            "keywords": [
                "collections",
                "spl",
                "eventmanager",
                "annotations",
                "persistence"
            ]
        },
        {
            "name": "doctrine/dbal",
            "version": "2.3.x-dev",
            "source": {
                "type": "git",
                "url": "https://github.com/doctrine/dbal",
                "reference": "22a30c9cece379eab619727c83e1859288f32f89"
            },
            "dist": {
                "type": "zip",
                "url": "https://github.com/doctrine/dbal/archive/22a30c9cece379eab619727c83e1859288f32f89.zip",
                "reference": "22a30c9cece379eab619727c83e1859288f32f89",
                "shasum": ""
            },
            "require": {
                "php": ">=5.3.2",
                "doctrine/common": "2.3.*"
            },
            "time": "1353866609",
            "type": "library",
            "extra": {
                "branch-alias": {
                    "dev-master": "2.3.x-dev"
                }
            },
            "installation-source": "source",
            "autoload": {
                "psr-0": {
                    "Doctrine\\DBAL": "lib/"
                }
            },
            "license": [
                "MIT"
            ],
            "authors": [
                {
                    "name": "Jonathan Wage",
                    "email": "jonwage@gmail.com",
                    "homepage": "http://www.jwage.com/"
                },
                {
                    "name": "Guilherme Blanco",
                    "email": "guilhermeblanco@gmail.com",
                    "homepage": "http://www.instaclick.com"
                },
                {
                    "name": "Roman Borschel",
                    "email": "roman@code-factory.org"
                },
                {
                    "name": "Benjamin Eberlei",
                    "email": "kontakt@beberlei.de"
                }
            ],
            "description": "Database Abstraction Layer",
            "homepage": "http://www.doctrine-project.org",
            "keywords": [
                "database",
                "persistence",
                "dbal",
                "queryobject"
            ]
        },
        {
            "name": "doctrine/doctrine-bundle",
            "version": "dev-master",
            "target-dir": "Doctrine/Bundle/DoctrineBundle",
            "source": {
                "type": "git",
                "url": "git://github.com/doctrine/DoctrineBundle.git",
                "reference": "ac854d9452272d43b80a9043e0f33c2b9dd2cdd5"
            },
            "dist": {
                "type": "zip",
                "url": "https://github.com/doctrine/DoctrineBundle/archive/ac854d9452272d43b80a9043e0f33c2b9dd2cdd5.zip",
                "reference": "ac854d9452272d43b80a9043e0f33c2b9dd2cdd5",
                "shasum": ""
            },
            "require": {
                "php": ">=5.3.2",
                "doctrine/dbal": ">=2.2,<2.4-dev",
                "symfony/framework-bundle": ">=2.1,<2.3-dev",
                "symfony/doctrine-bridge": ">=2.1,<2.3-dev",
                "jdorn/sql-formatter": ">=1.1,<2.0"
            },
            "require-dev": {
                "doctrine/orm": ">=2.2,<2.4-dev",
                "symfony/yaml": ">=2.1,<2.3-dev",
                "symfony/validator": ">=2.1,<2.3-dev"
            },
            "suggest": {
                "doctrine/orm": "The Doctrine ORM integration is optional in the bundle."
            },
            "time": "1353489818",
            "type": "symfony-bundle",
            "extra": {
                "branch-alias": {
                    "dev-master": "1.0.x-dev"
                }
            },
            "installation-source": "source",
            "autoload": {
                "psr-0": {
                    "Doctrine\\Bundle\\DoctrineBundle": ""
                }
            },
            "license": [
                "MIT"
            ],
            "authors": [
                {
                    "name": "Fabien Potencier",
                    "email": "fabien@symfony.com"
                },
                {
                    "name": "Symfony Community",
                    "homepage": "http://symfony.com/contributors"
                },
                {
                    "name": "Benjamin Eberlei",
                    "email": "kontakt@beberlei.de"
                }
            ],
            "description": "Symfony DoctrineBundle",
            "homepage": "http://www.doctrine-project.org",
            "keywords": [
                "database",
                "orm",
                "persistence",
                "dbal"
            ]
        },
        {
            "name": "guzzle/guzzle",
            "version": "v3.0.5",
            "source": {
                "type": "git",
                "url": "https://github.com/guzzle/guzzle",
                "reference": "v3.0.5"
            },
            "dist": {
                "type": "zip",
                "url": "https://github.com/guzzle/guzzle/archive/v3.0.5.zip",
                "reference": "v3.0.5",
                "shasum": ""
            },
            "require": {
                "php": ">=5.3.2",
                "ext-curl": "*",
                "symfony/event-dispatcher": "2.1.*"
            },
            "replace": {
                "guzzle/batch": "self.version",
                "guzzle/cache": "self.version",
                "guzzle/common": "self.version",
                "guzzle/http": "self.version",
                "guzzle/inflection": "self.version",
                "guzzle/iterator": "self.version",
                "guzzle/log": "self.version",
                "guzzle/parser": "self.version",
                "guzzle/plugin": "self.version",
                "guzzle/plugin-async": "self.version",
                "guzzle/plugin-backoff": "self.version",
                "guzzle/plugin-cache": "self.version",
                "guzzle/plugin-cookie": "self.version",
                "guzzle/plugin-curlauth": "self.version",
                "guzzle/plugin-history": "self.version",
                "guzzle/plugin-log": "self.version",
                "guzzle/plugin-md5": "self.version",
                "guzzle/plugin-mock": "self.version",
                "guzzle/plugin-oauth": "self.version",
                "guzzle/service": "self.version",
                "guzzle/stream": "self.version"
            },
            "require-dev": {
                "doctrine/common": "*",
                "symfony/class-loader": "*",
                "monolog/monolog": "1.*",
                "zendframework/zend-cache": "2.0.*",
                "zendframework/zend-log": "2.0.*",
                "zend/zend-log1": "1.12",
                "zend/zend-cache1": "1.12",
                "phpunit/phpunit": "3.7.*"
            },
            "time": "2012-11-19 00:15:33",
            "type": "library",
            "installation-source": "dist",
            "autoload": {
                "psr-0": {
                    "Guzzle\\Tests": "tests/",
                    "Guzzle": "src/"
                }
            },
            "license": [
                "MIT"
            ],
            "authors": [
                {
                    "name": "Michael Dowling",
                    "email": "mtdowling@gmail.com",
                    "homepage": "https://github.com/mtdowling"
                },
                {
                    "name": "Guzzle Community",
                    "homepage": "https://github.com/guzzle/guzzle/contributors"
                }
            ],
            "description": "Guzzle is a PHP HTTP client library and framework for building RESTful web service clients",
            "homepage": "http://guzzlephp.org/",
            "keywords": [
                "framework",
                "curl",
                "http",
                "rest",
                "http client",
                "client",
                "web service"
            ]
        },
        {
            "name": "jdorn/sql-formatter",
            "version": "dev-master",
            "source": {
                "type": "git",
                "url": "git://github.com/jdorn/sql-formatter.git",
                "reference": "0461ab0ff16e096b8c51f085349f38ed5f2ea241"
            },
            "dist": {
                "type": "zip",
                "url": "https://github.com/jdorn/sql-formatter/archive/0461ab0ff16e096b8c51f085349f38ed5f2ea241.zip",
                "reference": "0461ab0ff16e096b8c51f085349f38ed5f2ea241",
                "shasum": ""
            },
            "require": {
                "php": ">=5.2.4"
            },
            "time": "1353191518",
            "type": "library",
            "extra": {
                "branch-alias": {
                    "dev-master": "1.2.x-dev"
                }
            },
            "installation-source": "source",
            "autoload": {
                "classmap": [
                    "lib"
                ]
            },
            "license": [
                "LGPL"
            ],
            "authors": [
                {
                    "name": "Jeremy Dorn",
                    "email": "jeremy@jeremydorn.com",
                    "homepage": "http://jeremydorn.com/"
                }
            ],
            "description": "a PHP SQL highlighting library",
            "homepage": "https://github.com/jdorn/sql-formatter/",
            "keywords": [
                "sql",
                "highlight"
            ]
        },
        {
            "name": "keboola/csv",
            "version": "1.0.9",
            "source": {
                "type": "git",
                "url": "https://github.com/keboola/php-csv",
                "reference": "1.0.9"
            },
            "dist": {
                "type": "zip",
                "url": "https://github.com/keboola/php-csv/archive/1.0.9.zip",
                "reference": "1.0.9",
                "shasum": ""
            },
            "time": "2012-11-21 10:29:07",
            "type": "library",
            "installation-source": "dist",
            "autoload": {
                "psr-0": {
                    "Keboola\\Csv": "src/"
                }
            },
            "description": "Keboola CSV reader and writer",
            "homepage": "http://keboola.com"
        },
        {
            "name": "keboola/storage-api-client",
            "version": "2.5.6",
            "source": {
                "type": "git",
                "url": "https://github.com/keboola/storage-api-php-client",
                "reference": "2.5.6"
            },
            "dist": {
                "type": "zip",
                "url": "https://github.com/keboola/storage-api-php-client/archive/2.5.6.zip",
                "reference": "2.5.6",
                "shasum": ""
            },
            "require": {
                "keboola/csv": "1.0.*"
            },
            "time": "2012-11-27 10:56:19",
            "type": "library",
            "installation-source": "dist",
            "autoload": {
                "psr-0": {
                    "Keboola": "src/"
                }
            },
            "description": "Keboola Storage API PHP CLient",
            "homepage": "http://keboola.com"
        },
        {
            "name": "kriswallsmith/assetic",
            "version": "dev-master",
            "source": {
                "type": "git",
                "url": "http://github.com/kriswallsmith/assetic.git",
                "reference": "58b597e208ac0a78bda4e03ad6a92059cfbd5a1b"
            },
            "dist": {
                "type": "zip",
                "url": "https://github.com/kriswallsmith/assetic/archive/58b597e208ac0a78bda4e03ad6a92059cfbd5a1b.zip",
                "reference": "58b597e208ac0a78bda4e03ad6a92059cfbd5a1b",
                "shasum": ""
            },
            "require": {
                "symfony/process": ">=2.1.0,<2.3-dev",
                "php": ">=5.3.1"
            },
            "require-dev": {
                "twig/twig": ">=1.6.0,<2.0",
                "leafo/lessphp": "*",
                "leafo/scssphp": "*",
                "ptachoire/cssembed": "*",
                "leafo/scssphp-compass": "*"
            },
            "suggest": {
                "twig/twig": "Assetic provides the integration with the Twig templating engine",
                "leafo/lessphp": "Assetic provides the integration with the lessphp LESS compiler",
                "leafo/scssphp": "Assetic provides the integration with the scssphp SCSS compiler",
                "ptachoire/cssembed": "Assetic provides the integration with phpcssembed to embed data uris",
                "leafo/scssphp-compass": "Assetic provides the integration with the SCSS compass plugin"
            },
            "time": "1353968607",
            "type": "library",
            "extra": {
                "branch-alias": {
                    "dev-master": "1.1-dev"
                }
            },
            "installation-source": "source",
            "autoload": {
                "psr-0": {
                    "Assetic": "src/"
                },
                "files": [
                    "src/functions.php"
                ]
            },
            "license": [
                "MIT"
            ],
            "authors": [
                {
                    "name": "Kris Wallsmith",
                    "email": "kris.wallsmith@gmail.com",
                    "homepage": "http://kriswallsmith.net/"
                }
            ],
            "description": "Asset Management for PHP",
            "homepage": "https://github.com/kriswallsmith/assetic",
            "keywords": [
                "assets",
                "compression",
                "minification"
            ]
        },
        {
            "name": "monolog/monolog",
            "version": "dev-master",
            "source": {
                "type": "git",
                "url": "https://github.com/Seldaek/monolog",
                "reference": "b23cfd3d6ce0b6c050dda723040b83a1a6d7637e"
            },
            "dist": {
                "type": "zip",
                "url": "https://github.com/Seldaek/monolog/archive/b23cfd3d6ce0b6c050dda723040b83a1a6d7637e.zip",
                "reference": "b23cfd3d6ce0b6c050dda723040b83a1a6d7637e",
                "shasum": ""
            },
            "require": {
                "php": ">=5.3.0"
            },
            "require-dev": {
                "mlehner/gelf-php": "1.0.*"
            },
            "suggest": {
                "mlehner/gelf-php": "Allow sending log messages to a GrayLog2 server",
                "ext-amqp": "Allow sending log messages to an AMQP server (1.0+ required)",
                "ext-mongo": "Allow sending log messages to a MongoDB server"
            },
            "time": "1352907970",
            "type": "library",
            "extra": {
                "branch-alias": {
                    "dev-master": "1.3.x-dev"
                }
            },
            "installation-source": "source",
            "autoload": {
                "psr-0": {
                    "Monolog": "src/"
                }
            },
            "license": [
                "MIT"
            ],
            "authors": [
                {
                    "name": "Jordi Boggiano",
                    "email": "j.boggiano@seld.be",
                    "homepage": "http://seld.be",
                    "role": "Developer"
                }
            ],
            "description": "Logging for PHP 5.3",
            "homepage": "http://github.com/Seldaek/monolog",
            "keywords": [
                "log",
                "logging"
            ]
        },
        {
            "name": "sensio/distribution-bundle",
            "version": "2.1.x-dev",
            "target-dir": "Sensio/Bundle/DistributionBundle",
            "source": {
                "type": "git",
                "url": "https://github.com/sensio/SensioDistributionBundle",
                "reference": "25dcc74a7f31eaacf53a407f024183345c6c4804"
            },
            "dist": {
                "type": "zip",
                "url": "https://github.com/sensio/SensioDistributionBundle/archive/25dcc74a7f31eaacf53a407f024183345c6c4804.zip",
                "reference": "25dcc74a7f31eaacf53a407f024183345c6c4804",
                "shasum": ""
            },
            "require": {
                "symfony/framework-bundle": "2.1.*"
            },
            "time": "1353323932",
            "type": "symfony-bundle",
            "extra": {
                "branch-alias": {
                    "dev-master": "2.1.x-dev"
                }
            },
            "installation-source": "source",
            "autoload": {
                "psr-0": {
                    "Sensio\\Bundle\\DistributionBundle": ""
                }
            },
            "license": [
                "MIT"
            ],
            "authors": [
                {
                    "name": "Fabien Potencier",
                    "email": "fabien@symfony.com"
                }
            ],
            "description": "The base bundle for the Symfony Distributions",
            "keywords": [
                "distribution",
                "configuration"
            ]
        },
        {
            "name": "sensio/framework-extra-bundle",
            "version": "2.1.x-dev",
            "target-dir": "Sensio/Bundle/FrameworkExtraBundle",
            "source": {
                "type": "git",
                "url": "https://github.com/sensio/SensioFrameworkExtraBundle",
                "reference": "v2.1.3"
            },
            "dist": {
                "type": "zip",
                "url": "https://github.com/sensio/SensioFrameworkExtraBundle/archive/v2.1.3.zip",
                "reference": "v2.1.3",
                "shasum": ""
            },
            "require": {
                "symfony/framework-bundle": "2.1.*",
                "doctrine/common": ">=2.1,<2.4-dev"
            },
            "time": "1350448707",
            "type": "symfony-bundle",
            "extra": {
                "branch-alias": {
                    "dev-master": "2.1.x-dev"
                }
            },
            "installation-source": "source",
            "autoload": {
                "psr-0": {
                    "Sensio\\Bundle\\FrameworkExtraBundle": ""
                }
            },
            "license": [
                "MIT"
            ],
            "authors": [
                {
                    "name": "Fabien Potencier",
                    "email": "fabien@symfony.com"
                }
            ],
            "description": "This bundle provides a way to configure your controllers with annotations",
            "keywords": [
                "annotations",
                "controllers"
            ]
        },
        {
            "name": "sensio/generator-bundle",
            "version": "2.1.x-dev",
            "target-dir": "Sensio/Bundle/GeneratorBundle",
            "source": {
                "type": "git",
                "url": "https://github.com/sensio/SensioGeneratorBundle",
                "reference": "7efe50d35818a2ba72a7a05e40155b4789e5c3d9"
            },
            "dist": {
                "type": "zip",
                "url": "https://github.com/sensio/SensioGeneratorBundle/archive/7efe50d35818a2ba72a7a05e40155b4789e5c3d9.zip",
                "reference": "7efe50d35818a2ba72a7a05e40155b4789e5c3d9",
                "shasum": ""
            },
            "require": {
                "symfony/framework-bundle": "2.1.*",
                "symfony/console": "2.1.*"
            },
            "require-dev": {
                "symfony/doctrine-bridge": "2.1.*",
                "doctrine/orm": ">=2.1,<2.4-dev",
                "twig/twig": ">=1.8,<2.0-dev"
            },
            "time": "1353341457",
            "type": "symfony-bundle",
            "extra": {
                "branch-alias": {
                    "dev-master": "2.1.x-dev"
                }
            },
            "installation-source": "source",
            "autoload": {
                "psr-0": {
                    "Sensio\\Bundle\\GeneratorBundle": ""
                }
            },
            "license": [
                "MIT"
            ],
            "authors": [
                {
                    "name": "Fabien Potencier",
                    "email": "fabien@symfony.com"
                }
            ],
            "description": "This bundle generates code for you"
        },
        {
            "name": "symfony/assetic-bundle",
            "version": "dev-master",
            "target-dir": "Symfony/Bundle/AsseticBundle",
            "source": {
                "type": "git",
                "url": "https://github.com/symfony/AsseticBundle",
                "reference": "30d3841dc9643d352503a72f3cdf93d193c439d2"
            },
            "dist": {
                "type": "zip",
                "url": "https://github.com/symfony/AsseticBundle/archive/30d3841dc9643d352503a72f3cdf93d193c439d2.zip",
                "reference": "30d3841dc9643d352503a72f3cdf93d193c439d2",
                "shasum": ""
            },
            "require": {
                "php": ">=5.3.0",
                "kriswallsmith/assetic": "1.1.*",
                "symfony/framework-bundle": ">=2.1.0,<2.3-dev"
            },
            "require-dev": {
                "symfony/twig-bundle": ">=2.1.0,<2.3-dev",
                "symfony/console": ">=2.1.0,<2.3-dev",
                "symfony/class-loader": ">=2.1.0,<2.3-dev",
                "symfony/yaml": ">=2.1.0,<2.3-dev",
                "symfony/form": ">=2.1.0,<2.3-dev",
                "symfony/dom-crawler": ">=2.1.0,<2.3-dev",
                "symfony/css-selector": ">=2.1.0,<2.3-dev"
            },
            "suggest": {
                "symfony/twig-bundle": ">=2.1.0,<2.3-dev"
            },
            "time": "1352285268",
            "type": "symfony-bundle",
            "extra": {
                "branch-alias": {
                    "dev-master": "2.1.x-dev"
                }
            },
            "installation-source": "source",
            "autoload": {
                "psr-0": {
                    "Symfony\\Bundle\\AsseticBundle": ""
                }
            },
            "license": [
                "MIT"
            ],
            "authors": [
                {
                    "name": "Kris Wallsmith",
                    "email": "kris.wallsmith@gmail.com",
                    "homepage": "http://kriswallsmith.net/"
                }
            ],
            "description": "Integrates Assetic into Symfony2",
            "homepage": "https://github.com/symfony/AsseticBundle",
            "keywords": [
                "assets",
                "compression",
                "minification"
            ]
        },
        {
            "name": "symfony/monolog-bundle",
            "version": "dev-master",
            "target-dir": "Symfony/Bundle/MonologBundle",
            "source": {
                "type": "git",
                "url": "https://github.com/symfony/MonologBundle",
                "reference": "51517152a608926ee6b40ed8cfbba1a708f0a14f"
            },
            "dist": {
                "type": "zip",
                "url": "https://github.com/symfony/MonologBundle/archive/51517152a608926ee6b40ed8cfbba1a708f0a14f.zip",
                "reference": "51517152a608926ee6b40ed8cfbba1a708f0a14f",
                "shasum": ""
            },
            "require": {
                "php": ">=5.3.2",
                "monolog/monolog": "1.*",
                "symfony/monolog-bridge": ">=2.1.0,<2.3-dev",
                "symfony/dependency-injection": ">=2.1.0,<2.3-dev",
                "symfony/config": ">=2.1.0,<2.3-dev"
            },
            "require-dev": {
                "symfony/yaml": ">=2.1.0,<2.3-dev",
                "symfony/config": ">=2.1.0,<2.3-dev"
            },
            "time": "1348137624",
            "type": "symfony-bundle",
            "extra": {
                "branch-alias": {
                    "dev-master": "2.1.x-dev"
                }
            },
            "installation-source": "source",
            "autoload": {
                "psr-0": {
                    "Symfony\\Bundle\\MonologBundle": ""
                }
            },
            "license": [
                "MIT"
            ],
            "authors": [
                {
                    "name": "Fabien Potencier",
                    "email": "fabien@symfony.com"
                },
                {
                    "name": "Symfony Community",
                    "homepage": "http://symfony.com/contributors"
                }
            ],
            "description": "Symfony MonologBundle",
            "homepage": "http://symfony.com"
        },
        {
            "name": "symfony/symfony",
            "version": "2.1.x-dev",
            "source": {
                "type": "git",
                "url": "git://github.com/symfony/symfony.git",
                "reference": "ed6a345162bbfcae9b23ddbd0ec47b295832d9eb"
            },
            "dist": {
                "type": "zip",
                "url": "https://github.com/symfony/symfony/archive/ed6a345162bbfcae9b23ddbd0ec47b295832d9eb.zip",
                "reference": "ed6a345162bbfcae9b23ddbd0ec47b295832d9eb",
                "shasum": ""
            },
            "require": {
                "php": ">=5.3.3",
                "doctrine/common": ">2.2,<2.4-dev",
                "twig/twig": ">=1.9.1,<2.0-dev"
            },
            "replace": {
                "symfony/doctrine-bridge": "self.version",
                "symfony/monolog-bridge": "self.version",
                "symfony/propel1-bridge": "self.version",
                "symfony/swiftmailer-bridge": "self.version",
                "symfony/twig-bridge": "self.version",
                "symfony/framework-bundle": "self.version",
                "symfony/security-bundle": "self.version",
                "symfony/twig-bundle": "self.version",
                "symfony/web-profiler-bundle": "self.version",
                "symfony/browser-kit": "self.version",
                "symfony/class-loader": "self.version",
                "symfony/config": "self.version",
                "symfony/console": "self.version",
                "symfony/css-selector": "self.version",
                "symfony/dependency-injection": "self.version",
                "symfony/dom-crawler": "self.version",
                "symfony/event-dispatcher": "self.version",
                "symfony/filesystem": "self.version",
                "symfony/finder": "self.version",
                "symfony/form": "self.version",
                "symfony/http-foundation": "self.version",
                "symfony/http-kernel": "self.version",
                "symfony/locale": "self.version",
                "symfony/options-resolver": "self.version",
                "symfony/process": "self.version",
                "symfony/routing": "self.version",
                "symfony/security": "self.version",
                "symfony/serializer": "self.version",
                "symfony/templating": "self.version",
                "symfony/translation": "self.version",
                "symfony/validator": "self.version",
                "symfony/yaml": "self.version"
            },
            "require-dev": {
                "doctrine/dbal": ">=2.2,<2.4-dev",
                "doctrine/orm": ">=2.2.3,<2.4-dev",
                "doctrine/data-fixtures": "1.0.*",
                "propel/propel1": "dev-master",
                "monolog/monolog": "1.*"
            },
            "time": "1353925640",
            "type": "library",
            "extra": {
                "branch-alias": {
                    "dev-master": "2.1-dev"
                }
            },
            "installation-source": "source",
            "autoload": {
                "psr-0": {
                    "Symfony": "src/",
                    "SessionHandlerInterface": "src/Symfony/Component/HttpFoundation/Resources/stubs"
                }
            },
            "license": [
                "MIT"
            ],
            "authors": [
                {
                    "name": "Fabien Potencier",
                    "email": "fabien@symfony.com"
                },
                {
                    "name": "Symfony Community",
                    "homepage": "http://symfony.com/contributors"
                }
            ],
            "description": "The Symfony PHP framework",
            "homepage": "http://symfony.com",
            "keywords": [
                "framework"
            ]
        },
        {
            "name": "twig/twig",
            "version": "dev-master",
            "source": {
                "type": "git",
                "url": "git://github.com/fabpot/Twig.git",
                "reference": "b58df0e1ae4b664f561bfaeffdb673829daa6b79"
            },
            "dist": {
                "type": "zip",
                "url": "https://github.com/fabpot/Twig/archive/b58df0e1ae4b664f561bfaeffdb673829daa6b79.zip",
                "reference": "b58df0e1ae4b664f561bfaeffdb673829daa6b79",
                "shasum": ""
            },
            "require": {
                "php": ">=5.2.4"
            },
            "time": "1353925549",
            "type": "library",
            "extra": {
                "branch-alias": {
                    "dev-master": "1.12-dev"
                }
            },
            "installation-source": "source",
            "autoload": {
                "psr-0": {
                    "Twig_": "lib/"
                }
            },
            "license": [
                "BSD-3"
            ],
            "authors": [
                {
                    "name": "Fabien Potencier",
                    "email": "fabien@symfony.com"
                },
                {
                    "name": "Armin Ronacher",
                    "email": "armin.ronacher@active-4.com"
                }
            ],
            "description": "Twig, the flexible, fast, and secure template language for PHP",
            "homepage": "http://twig.sensiolabs.org",
            "keywords": [
                "templating"
            ]
        }
    ],
    "packages-dev": null,
    "aliases": [

    ],
    "minimum-stability": "dev",
    "stability-flags": [

    ]
}
